
Microsoft Visual Studio Solution File, Format Version 12.00
# Visual Studio Version 17
VisualStudioVersion = 17.10.35004.147
MinimumVisualStudioVersion = 10.0.40219.1
Project("{FAE04EC0-301F-11D3-BF4B-00C04F79EFBC}") = "HomeWorkSystemPrograming", "HomeWorkSystemPrograming\HomeWorkSystemPrograming.csproj", "{5B64F09C-8986-4A03-A108-372472628680}"
EndProject
Global
	GlobalSection(SolutionConfigurationPlatforms) = preSolution
		Debug|Any CPU = Debug|Any CPU
		Release|Any CPU = Release|Any CPU
	EndGlobalSection
	GlobalSection(ProjectConfigurationPlatforms) = postSolution
		{5B64F09C-8986-4A03-A108-372472628680}.Debug|Any CPU.ActiveCfg = Debug|Any CPU
		{5B64F09C-8986-4A03-A108-372472628680}.Debug|Any CPU.Build.0 = Debug|Any CPU
		{5B64F09C-8986-4A03-A108-372472628680}.Release|Any CPU.ActiveCfg = Release|Any CPU
		{5B64F09C-8986-4A03-A108-372472628680}.Release|Any CPU.Build.0 = Release|Any CPU
	EndGlobalSection
	GlobalSection(SolutionProperties) = preSolution
		HideSolutionNode = FALSE
	EndGlobalSection
	GlobalSection(ExtensibilityGlobals) = postSolution
		SolutionGuid = {E20E46CA-E4A3-47F4-B947-0A160F16721B}
	EndGlobalSection
EndGlobal
